// !$*UTF8*$!
{
	archiveVersion = 1;
	classes = {
	};
	objectVersion = 46;
	objects = {

/* Begin PBXBuildFile section */
		30C8DCC61B297B4D00868750 /* libxC.a in Frameworks */ = {isa = PBXBuildFile; fileRef = 30C8DCBA1B297B4D00868750 /* libxC.a */; };
/* End PBXBuildFile section */

/* Begin PBXContainerItemProxy section */
		30C8DCC71B297B4D00868750 /* PBXContainerItemProxy */ = {
			isa = PBXContainerItemProxy;
			containerPortal = 30C8DCB21B297B4C00868750 /* Project object */;
			proxyType = 1;
			remoteGlobalIDString = 30C8DCB91B297B4D00868750;
			remoteInfo = xC;
		};
/* End PBXContainerItemProxy section */

/* Begin PBXCopyFilesBuildPhase section */
		30C8DCB81B297B4D00868750 /* CopyFiles */ = {
			isa = PBXCopyFilesBuildPhase;
			buildActionMask = 2147483647;
			dstPath = "include/$(PRODUCT_NAME)";
			dstSubfolderSpec = 16;
			files = (
			);
			runOnlyForDeploymentPostprocessing = 0;
		};
/* End PBXCopyFilesBuildPhase section */

/* Begin PBXFileReference section */
		30C8DCBA1B297B4D00868750 /* libxC.a */ = {isa = PBXFileReference; explicitFileType = archive.ar; includeInIndex = 0; path = libxC.a; sourceTree = BUILT_PRODUCTS_DIR; };
		30C8DCC51B297B4D00868750 /* xCTests.xctest */ = {isa = PBXFileReference; explicitFileType = wrapper.cfbundle; includeInIndex = 0; path = xCTests.xctest; sourceTree = BUILT_PRODUCTS_DIR; };
/* End PBXFileReference section */

/* Begin PBXFrameworksBuildPhase section */
		30C8DCB71B297B4D00868750 /* Frameworks */ = {
			isa = PBXFrameworksBuildPhase;
			buildActionMask = 2147483647;
			files = (
			);
			runOnlyForDeploymentPostprocessing = 0;
		};
		30C8DCC21B297B4D00868750 /* Frameworks */ = {
			isa = PBXFrameworksBuildPhase;
			buildActionMask = 2147483647;
			files = (
				30C8DCC61B297B4D00868750 /* libxC.a in Frameworks */,
			);
			runOnlyForDeploymentPostprocessing = 0;
		};
/* End PBXFrameworksBuildPhase section */

/* Begin PBXGroup section */
		30C8DCB11B297B4C00868750 = {
			isa = PBXGroup;
			children = (
				30C8DCBB1B297B4D00868750 /* Products */,
			);
			sourceTree = "<group>";
		};
		30C8DCBB1B297B4D00868750 /* Products */ = {
			isa = PBXGroup;
			children = (
				30C8DCBA1B297B4D00868750 /* libxC.a */,
				30C8DCC51B297B4D00868750 /* xCTests.xctest */,
			);
			name = Products;
			sourceTree = "<group>";
		};
/* End PBXGroup section */

/* Begin PBXNativeTarget section */
		30C8DCB91B297B4D00868750 /* xC */ = {
			isa = PBXNativeTarget;
			buildConfigurationList = 30C8DCCE1B297B4D00868750 /* Build configuration list for PBXNativeTarget "xC" */;
			buildPhases = (
				30C8DCB61B297B4D00868750 /* Sources */,
				30C8DCB71B297B4D00868750 /* Frameworks */,
				30C8DCB81B297B4D00868750 /* CopyFiles */,
			);
			buildRules = (
			);
			dependencies = (
			);
			name = xC;
			productName = xC;
			productReference = 30C8DCBA1B297B4D00868750 /* libxC.a */;
			productType = "com.apple.product-type.library.static";
		};
		30C8DCC41B297B4D00868750 /* xCTests */ = {
			isa = PBXNativeTarget;
			buildConfigurationList = 30C8DCD11B297B4D00868750 /* Build configuration list for PBXNativeTarget "xCTests" */;
			buildPhases = (
				30C8DCC11B297B4D00868750 /* Sources */,
				30C8DCC21B297B4D00868750 /* Frameworks */,
				30C8DCC31B297B4D00868750 /* Resources */,
			);
			buildRules = (
			);
			dependencies = (
				30C8DCC81B297B4D00868750 /* PBXTargetDependency */,
			);
			name = xCTests;
			productName = xCTests;
			productReference = 30C8DCC51B297B4D00868750 /* xCTests.xctest */;
			productType = "com.apple.product-type.bundle.unit-test";
		};
/* End PBXNativeTarget section */

/* Begin PBXProject section */
		30C8DCB21B297B4C00868750 /* Project object */ = {
			isa = PBXProject;
			attributes = {
				LastUpgradeCheck = 0610;
				ORGANIZATIONNAME = map;
				TargetAttributes = {
					30C8DCB91B297B4D00868750 = {
						CreatedOnToolsVersion = 6.1.1;
					};
					30C8DCC41B297B4D00868750 = {
						CreatedOnToolsVersion = 6.1.1;
					};
				};
			};
			buildConfigurationList = 30C8DCB51B297B4D00868750 /* Build configuration list for PBXProject "xC" */;
			compatibilityVersion = "Xcode 3.2";
			developmentRegion = English;
			hasScannedForEncodings = 0;
			knownRegions = (
				en,
			);
			mainGroup = 30C8DCB11B297B4C00868750;
			productRefGroup = 30C8DCBB1B297B4D00868750 /* Products */;
			projectDirPath = "";
			projectRoot = "";
			targets = (
				30C8DCB91B297B4D00868750 /* xC */,
				30C8DCC41B297B4D00868750 /* xCTests */,
			);
		};
/* End PBXProject section */

/* Begin PBXResourcesBuildPhase section */
		30C8DCC31B297B4D00868750 /* Resources */ = {
			isa = PBXResourcesBuildPhase;
			buildActionMask = 2147483647;
			files = (
			);
			runOnlyForDeploymentPostprocessing = 0;
		};
/* End PBXResourcesBuildPhase section */

/* Begin PBXSourcesBuildPhase section */
		30C8DCB61B297B4D00868750 /* Sources */ = {
			isa = PBXSourcesBuildPhase;
			buildActionMask = 2147483647;
			files = (
			);
			runOnlyForDeploymentPostprocessing = 0;
		};
		30C8DCC11B297B4D00868750 /* Sources */ = {
			isa = PBXSourcesBuildPhase;
			buildActionMask = 2147483647;
			files = (
			);
			runOnlyForDeploymentPostprocessing = 0;
		};
/* End PBXSourcesBuildPhase section */

/* Begin PBXTargetDependency section */
		30C8DCC81B297B4D00868750 /* PBXTargetDependency */ = {
			isa = PBXTargetDependency;
			target = 30C8DCB91B297B4D00868750 /* xC */;
			targetProxy = 30C8DCC71B297B4D00868750 /* PBXContainerItemProxy */;
		};
/* End PBXTargetDependency section */

/* Begin XCBuildConfiguration section */
		30C8DCCC1B297B4D00868750 /* Debug */ = {
			isa = XCBuildConfiguration;
			buildSettings = {
				ALWAYS_SEARCH_USER_PATHS = NO;
				CLANG_CXX_LANGUAGE_STANDARD = "gnu++0x";
				CLANG_CXX_LIBRARY = "libc++";
				CLANG_ENABLE_MODULES = YES;
				CLANG_ENABLE_OBJC_ARC = YES;
				CLANG_WARN_BOOL_CONVERSION = YES;
				CLANG_WARN_CONSTANT_CONVERSION = YES;
				CLANG_WARN_DIRECT_OBJC_ISA_USAGE = YES_ERROR;
				CLANG_WARN_EMPTY_BODY = YES;
				CLANG_WARN_ENUM_CONVERSION = YES;
				CLANG_WARN_INT_CONVERSION = YES;
				CLANG_WARN_OBJC_ROOT_CLASS = YES_ERROR;
				CLANG_WARN_UNREACHABLE_CODE = YES;
				CLANG_WARN__DUPLICATE_METHOD_MATCH = YES;
				COPY_PHASE_STRIP = NO;
				ENABLE_STRICT_OBJC_MSGSEND = YES;
				GCC_C_LANGUAGE_STANDARD = gnu99;
				GCC_DYNAMIC_NO_PIC = NO;
				GCC_OPTIMIZATION_LEVEL = 0;
				GCC_PREPROCESSOR_DEFINITIONS = (
					"DEBUG=1",
					"$(inherited)",
				);
				GCC_SYMBOLS_PRIVATE_EXTERN = NO;
				GCC_WARN_64_TO_32_BIT_CONVERSION = YES;
				GCC_WARN_ABOUT_RETURN_TYPE = YES_ERROR;
				GCC_WARN_UNDECLARED_SELECTOR = YES;
				GCC_WARN_UNINITIALIZED_AUTOS = YES_AGGRESSIVE;
				GCC_WARN_UNUSED_FUNCTION = YES;
				GCC_WARN_UNUSED_VARIABLE = YES;
				IPHONEOS_DEPLOYMENT_TARGET = 8.1;
				MTL_ENABLE_DEBUG_INFO = YES;
				ONLY_ACTIVE_ARCH = YES;
				SDKROOT = iphoneos;
			};
			name = Debug;
		};
		30C8DCCD1B297B4D00868750 /* Release */ = {
			isa = XCBuildConfiguration;
			buildSettings = {
				ALWAYS_SEARCH_USER_PATHS = NO;
				CLANG_CXX_LANGUAGE_STANDARD = "gnu++0x";
				CLANG_CXX_LIBRARY = "libc++";
				CLANG_ENABLE_MODULES = YES;
				CLANG_ENABLE_OBJC_ARC = YES;
				CLANG_WARN_BOOL_CONVERSION = YES;
				CLANG_WARN_CONSTANT_CONVERSION = YES;
				CLANG_WARN_DIRECT_OBJC_ISA_USAGE = YES_ERROR;
				CLANG_WARN_EMPTY_BODY = YES;
				CLANG_WARN_ENUM_CONVERSION = YES;
				CLANG_WARN_INT_CONVERSION = YES;
				CLANG_WARN_OBJC_ROOT_CLASS = YES_ERROR;
				CLANG_WARN_UNREACHABLE_CODE = YES;
				CLANG_WARN__DUPLICATE_METHOD_MATCH = YES;
				COPY_PHASE_STRIP = YES;
				ENABLE_NS_ASSERTIONS = NO;
				ENABLE_STRICT_OBJC_MSGSEND = YES;
				GCC_C_LANGUAGE_STANDARD = gnu99;
				GCC_WARN_64_TO_32_BIT_CONVERSION = YES;
				GCC_WARN_ABOUT_RETURN_TYPE = YES_ERROR;
				GCC_WARN_UNDECLARED_SELECTOR = YES;
				GCC_WARN_UNINITIALIZED_AUTOS = YES_AGGRESSIVE;
				GCC_WARN_UNUSED_FUNCTION = YES;
				GCC_WARN_UNUSED_VARIABLE = YES;
				IPHONEOS_DEPLOYMENT_TARGET = 8.1;
				MTL_ENABLE_DEBUG_INFO = NO;
				SDKROOT = iphoneos;
				VALIDATE_PRODUCT = YES;
			};
			name = Release;
		};
		30C8DCCF1B297B4D00868750 /* Debug */ = {
			isa = XCBuildConfiguration;
			buildSettings = {
				OTHER_LDFLAGS = "-ObjC";
				PRODUCT_NAME = "$(TARGET_NAME)";
				SKIP_INSTALL = YES;
			};
			name = Debug;
		};
		30C8DCD01B297B4D00868750 /* Release */ = {
			isa = XCBuildConfiguration;
			buildSettings = {
				OTHER_LDFLAGS = "-ObjC";
				PRODUCT_NAME = "$(TARGET_NAME)";
				SKIP_INSTALL = YES;
			};
			name = Release;
		};
		30C8DCD21B297B4D00868750 /* Debug */ = {
			isa = XCBuildConfiguration;
			buildSettings = {
				FRAMEWORK_SEARCH_PATHS = (
					"$(SDKROOT)/Developer/Library/Frameworks",
					"$(inherited)",
				);
				GCC_PREPROCESSOR_DEFINITIONS = (
					"DEBUG=1",
					"$(inherited)",
				);
				INFOPLIST_FILE = xCTests/Info.plist;
				LD_RUNPATH_SEARCH_PATHS = "$(inherited) @executable_path/Frameworks @loader_path/Frameworks";
				PRODUCT_NAME = "$(TARGET_NAME)";
			};
			name = Debug;
		};
		30C8DCD31B297B4D00868750 /* Release */ = {
			isa = XCBuildConfiguration;
			buildSettings = {
				FRAMEWORK_SEARCH_PATHS = (
					"$(SDKROOT)/Developer/Library/Frameworks",
					"$(inherited)",
				);
				INFOPLIST_FILE = xCTests/Info.plist;
				LD_RUNPATH_SEARCH_PATHS = "$(inherited) @executable_path/Frameworks @loader_path/Frameworks";
				PRODUCT_NAME = "$(TARGET_NAME)";
			};
			name = Release;
		};
/* End XCBuildConfiguration section */

/* Begin XCConfigurationList section */
		30C8DCB51B297B4D00868750 /* Build configuration list for PBXProject "xC" */ = {
			isa = XCConfigurationList;
			buildConfigurations = (
				30C8DCCC1B297B4D00868750 /* Debug */,
				30C8DCCD1B297B4D00868750 /* Release */,
			);
			defaultConfigurationIsVisible = 0;
			defaultConfigurationName = Release;
		};
		30C8DCCE1B297B4D00868750 /* Build configuration list for PBXNativeTarget "xC" */ = {
			isa = XCConfigurationList;
			buildConfigurations = (
				30C8DCCF1B297B4D00868750 /* Debug */,
				30C8DCD01B297B4D00868750 /* Release */,
			);
			defaultConfigurationIsVisible = 0;
		};
		30C8DCD11B297B4D00868750 /* Build configuration list for PBXNativeTarget "xCTests" */ = {
			isa = XCConfigurationList;
			buildConfigurations = (
				30C8DCD21B297B4D00868750 /* Debug */,
				30C8DCD31B297B4D00868750 /* Release */,
			);
			defaultConfigurationIsVisible = 0;
		};
/* End XCConfigurationList section */
	};
	rootObject = 30C8DCB21B297B4C00868750 /* Project object */;
}
