// !$*UTF8*$!
{
	archiveVersion = 1;
	classes = {
	};
	objectVersion = 46;
	objects = {

/* Begin PBXBuildFile section */
		994C38401A26D4AE00D48484 /* Foundation.framework in Frameworks */ = {isa = PBXBuildFile; fileRef = 994C383F1A26D4AE00D48484 /* Foundation.framework */; };
		994C384E1A26D4AE00D48484 /* XCTest.framework in Frameworks */ = {isa = PBXBuildFile; fileRef = 994C384D1A26D4AE00D48484 /* XCTest.framework */; };
		994C384F1A26D4AE00D48484 /* Foundation.framework in Frameworks */ = {isa = PBXBuildFile; fileRef = 994C383F1A26D4AE00D48484 /* Foundation.framework */; };
		994C38511A26D4AE00D48484 /* UIKit.framework in Frameworks */ = {isa = PBXBuildFile; fileRef = 994C38501A26D4AE00D48484 /* UIKit.framework */; };
		994C38541A26D4AE00D48484 /* libsys_api.a in Frameworks */ = {isa = PBXBuildFile; fileRef = 994C383C1A26D4AE00D48484 /* libsys_api.a */; };
		994C386C1A26D4D100D48484 /* xtime.c in Sources */ = {isa = PBXBuildFile; fileRef = 994C38661A26D4D100D48484 /* xtime.c */; };
		994C386D1A26D4D100D48484 /* sys_time.m in Sources */ = {isa = PBXBuildFile; fileRef = 994C386B1A26D4D100D48484 /* sys_time.m */; };
		994C387F1A2702B100D48484 /* xtimer.c in Sources */ = {isa = PBXBuildFile; fileRef = 994C387E1A2702B100D48484 /* xtimer.c */; };
		994C38851A2702C500D48484 /* sys_timer.m in Sources */ = {isa = PBXBuildFile; fileRef = 994C38821A2702C500D48484 /* sys_timer.m */; };
		994C38861A2702C500D48484 /* TimerEngine.m in Sources */ = {isa = PBXBuildFile; fileRef = 994C38841A2702C500D48484 /* TimerEngine.m */; };
		994C388A1A2718DC00D48484 /* xfile.c in Sources */ = {isa = PBXBuildFile; fileRef = 994C38891A2718DC00D48484 /* xfile.c */; };
		994C38A11A2718F100D48484 /* fpathchange.m in Sources */ = {isa = PBXBuildFile; fileRef = 994C388D1A2718F100D48484 /* fpathchange.m */; };
		994C38A21A2718F100D48484 /* sys_diskexist.m in Sources */ = {isa = PBXBuildFile; fileRef = 994C388F1A2718F100D48484 /* sys_diskexist.m */; };
		994C38A31A2718F100D48484 /* sys_fchsize.m in Sources */ = {isa = PBXBuildFile; fileRef = 994C38901A2718F100D48484 /* sys_fchsize.m */; };
		994C38A41A2718F100D48484 /* sys_fclose.m in Sources */ = {isa = PBXBuildFile; fileRef = 994C38911A2718F100D48484 /* sys_fclose.m */; };
		994C38A51A2718F100D48484 /* sys_fenumend.m in Sources */ = {isa = PBXBuildFile; fileRef = 994C38921A2718F100D48484 /* sys_fenumend.m */; };
		994C38A61A2718F100D48484 /* sys_fenumnext.m in Sources */ = {isa = PBXBuildFile; fileRef = 994C38931A2718F100D48484 /* sys_fenumnext.m */; };
		994C38A71A2718F100D48484 /* sys_fenumstart.m in Sources */ = {isa = PBXBuildFile; fileRef = 994C38941A2718F100D48484 /* sys_fenumstart.m */; };
		994C38A81A2718F100D48484 /* sys_fexist.m in Sources */ = {isa = PBXBuildFile; fileRef = 994C38951A2718F100D48484 /* sys_fexist.m */; };
		994C38A91A2718F100D48484 /* sys_fgetfreespace.m in Sources */ = {isa = PBXBuildFile; fileRef = 994C38961A2718F100D48484 /* sys_fgetfreespace.m */; };
		994C38AA1A2718F100D48484 /* sys_fgetsize.m in Sources */ = {isa = PBXBuildFile; fileRef = 994C38971A2718F100D48484 /* sys_fgetsize.m */; };
		994C38AB1A2718F100D48484 /* sys_fgetspace.m in Sources */ = {isa = PBXBuildFile; fileRef = 994C38981A2718F100D48484 /* sys_fgetspace.m */; };
		994C38AC1A2718F100D48484 /* sys_fmkdir.m in Sources */ = {isa = PBXBuildFile; fileRef = 994C38991A2718F100D48484 /* sys_fmkdir.m */; };
		994C38AD1A2718F100D48484 /* sys_fopen.m in Sources */ = {isa = PBXBuildFile; fileRef = 994C389A1A2718F100D48484 /* sys_fopen.m */; };
		994C38AE1A2718F100D48484 /* sys_fread.m in Sources */ = {isa = PBXBuildFile; fileRef = 994C389B1A2718F100D48484 /* sys_fread.m */; };
		994C38AF1A2718F100D48484 /* sys_fremove.m in Sources */ = {isa = PBXBuildFile; fileRef = 994C389C1A2718F100D48484 /* sys_fremove.m */; };
		994C38B01A2718F100D48484 /* sys_frename.m in Sources */ = {isa = PBXBuildFile; fileRef = 994C389D1A2718F100D48484 /* sys_frename.m */; };
		994C38B11A2718F100D48484 /* sys_frmdir.m in Sources */ = {isa = PBXBuildFile; fileRef = 994C389E1A2718F100D48484 /* sys_frmdir.m */; };
		994C38B21A2718F100D48484 /* sys_fseek.m in Sources */ = {isa = PBXBuildFile; fileRef = 994C389F1A2718F100D48484 /* sys_fseek.m */; };
		994C38B31A2718F100D48484 /* sys_fwrite.m in Sources */ = {isa = PBXBuildFile; fileRef = 994C38A01A2718F100D48484 /* sys_fwrite.m */; };
		9965E5571A2D961E00B9372B /* xdebug.c in Sources */ = {isa = PBXBuildFile; fileRef = 9965E5541A2D961E00B9372B /* xdebug.c */; };
		9965E5581A2D961E00B9372B /* xmemory.c in Sources */ = {isa = PBXBuildFile; fileRef = 9965E5551A2D961E00B9372B /* xmemory.c */; };
		9965E5591A2D961E00B9372B /* xrand.c in Sources */ = {isa = PBXBuildFile; fileRef = 9965E5561A2D961E00B9372B /* xrand.c */; };
		9965E5631A2D963500B9372B /* sys_debug.m in Sources */ = {isa = PBXBuildFile; fileRef = 9965E55E1A2D963500B9372B /* sys_debug.m */; };
		9965E5641A2D963500B9372B /* sys_memory.m in Sources */ = {isa = PBXBuildFile; fileRef = 9965E5601A2D963500B9372B /* sys_memory.m */; };
		9965E5651A2D963500B9372B /* sys_rand.m in Sources */ = {isa = PBXBuildFile; fileRef = 9965E5621A2D963500B9372B /* sys_rand.m */; };
/* End PBXBuildFile section */

/* Begin PBXContainerItemProxy section */
		994C38521A26D4AE00D48484 /* PBXContainerItemProxy */ = {
			isa = PBXContainerItemProxy;
			containerPortal = 994C38341A26D4AD00D48484 /* Project object */;
			proxyType = 1;
			remoteGlobalIDString = 994C383B1A26D4AE00D48484;
			remoteInfo = sys_api;
		};
/* End PBXContainerItemProxy section */

/* Begin PBXCopyFilesBuildPhase section */
		994C383A1A26D4AE00D48484 /* CopyFiles */ = {
			isa = PBXCopyFilesBuildPhase;
			buildActionMask = 2147483647;
			dstPath = "include/$(PRODUCT_NAME)";
			dstSubfolderSpec = 16;
			files = (
			);
			runOnlyForDeploymentPostprocessing = 0;
		};
/* End PBXCopyFilesBuildPhase section */

/* Begin PBXFileReference section */
		994C383C1A26D4AE00D48484 /* libsys_api.a */ = {isa = PBXFileReference; explicitFileType = archive.ar; includeInIndex = 0; path = libsys_api.a; sourceTree = BUILT_PRODUCTS_DIR; };
		994C383F1A26D4AE00D48484 /* Foundation.framework */ = {isa = PBXFileReference; lastKnownFileType = wrapper.framework; name = Foundation.framework; path = System/Library/Frameworks/Foundation.framework; sourceTree = SDKROOT; };
		994C384C1A26D4AE00D48484 /* sys_apiTests.xctest */ = {isa = PBXFileReference; explicitFileType = wrapper.cfbundle; includeInIndex = 0; path = sys_apiTests.xctest; sourceTree = BUILT_PRODUCTS_DIR; };
		994C384D1A26D4AE00D48484 /* XCTest.framework */ = {isa = PBXFileReference; lastKnownFileType = wrapper.framework; name = XCTest.framework; path = Library/Frameworks/XCTest.framework; sourceTree = DEVELOPER_DIR; };
		994C38501A26D4AE00D48484 /* UIKit.framework */ = {isa = PBXFileReference; lastKnownFileType = wrapper.framework; name = UIKit.framework; path = Library/Frameworks/UIKit.framework; sourceTree = DEVELOPER_DIR; };
		994C38661A26D4D100D48484 /* xtime.c */ = {isa = PBXFileReference; fileEncoding = 4; lastKnownFileType = sourcecode.c.c; path = xtime.c; sourceTree = "<group>"; };
		994C38681A26D4D100D48484 /* sys_time.h */ = {isa = PBXFileReference; fileEncoding = 4; lastKnownFileType = sourcecode.c.h; path = sys_time.h; sourceTree = "<group>"; };
		994C386B1A26D4D100D48484 /* sys_time.m */ = {isa = PBXFileReference; fileEncoding = 4; lastKnownFileType = sourcecode.c.objc; path = sys_time.m; sourceTree = "<group>"; };
		994C387E1A2702B100D48484 /* xtimer.c */ = {isa = PBXFileReference; fileEncoding = 4; lastKnownFileType = sourcecode.c.c; path = xtimer.c; sourceTree = "<group>"; };
		994C38801A2702BA00D48484 /* sys_timer.h */ = {isa = PBXFileReference; fileEncoding = 4; lastKnownFileType = sourcecode.c.h; path = sys_timer.h; sourceTree = "<group>"; };
		994C38821A2702C500D48484 /* sys_timer.m */ = {isa = PBXFileReference; fileEncoding = 4; lastKnownFileType = sourcecode.c.objc; path = sys_timer.m; sourceTree = "<group>"; };
		994C38831A2702C500D48484 /* TimerEngine.h */ = {isa = PBXFileReference; fileEncoding = 4; lastKnownFileType = sourcecode.c.h; path = TimerEngine.h; sourceTree = "<group>"; };
		994C38841A2702C500D48484 /* TimerEngine.m */ = {isa = PBXFileReference; fileEncoding = 4; lastKnownFileType = sourcecode.c.objc; path = TimerEngine.m; sourceTree = "<group>"; };
		994C38881A27040A00D48484 /* sys_timerdef.h */ = {isa = PBXFileReference; fileEncoding = 4; lastKnownFileType = sourcecode.c.h; path = sys_timerdef.h; sourceTree = "<group>"; };
		994C38891A2718DC00D48484 /* xfile.c */ = {isa = PBXFileReference; fileEncoding = 4; lastKnownFileType = sourcecode.c.c; path = xfile.c; sourceTree = "<group>"; };
		994C388B1A2718E600D48484 /* sys_file.h */ = {isa = PBXFileReference; fileEncoding = 4; lastKnownFileType = sourcecode.c.h; path = sys_file.h; sourceTree = "<group>"; };
		994C388D1A2718F100D48484 /* fpathchange.m */ = {isa = PBXFileReference; fileEncoding = 4; lastKnownFileType = sourcecode.c.objc; path = fpathchange.m; sourceTree = "<group>"; };
		994C388E1A2718F100D48484 /* sys_diskexist.h */ = {isa = PBXFileReference; fileEncoding = 4; lastKnownFileType = sourcecode.c.h; path = sys_diskexist.h; sourceTree = "<group>"; };
		994C388F1A2718F100D48484 /* sys_diskexist.m */ = {isa = PBXFileReference; fileEncoding = 4; lastKnownFileType = sourcecode.c.objc; path = sys_diskexist.m; sourceTree = "<group>"; };
		994C38901A2718F100D48484 /* sys_fchsize.m */ = {isa = PBXFileReference; fileEncoding = 4; lastKnownFileType = sourcecode.c.objc; path = sys_fchsize.m; sourceTree = "<group>"; };
		994C38911A2718F100D48484 /* sys_fclose.m */ = {isa = PBXFileReference; fileEncoding = 4; lastKnownFileType = sourcecode.c.objc; path = sys_fclose.m; sourceTree = "<group>"; };
		994C38921A2718F100D48484 /* sys_fenumend.m */ = {isa = PBXFileReference; fileEncoding = 4; lastKnownFileType = sourcecode.c.objc; path = sys_fenumend.m; sourceTree = "<group>"; };
		994C38931A2718F100D48484 /* sys_fenumnext.m */ = {isa = PBXFileReference; fileEncoding = 4; lastKnownFileType = sourcecode.c.objc; path = sys_fenumnext.m; sourceTree = "<group>"; };
		994C38941A2718F100D48484 /* sys_fenumstart.m */ = {isa = PBXFileReference; fileEncoding = 4; lastKnownFileType = sourcecode.c.objc; path = sys_fenumstart.m; sourceTree = "<group>"; };
		994C38951A2718F100D48484 /* sys_fexist.m */ = {isa = PBXFileReference; fileEncoding = 4; lastKnownFileType = sourcecode.c.objc; path = sys_fexist.m; sourceTree = "<group>"; };
		994C38961A2718F100D48484 /* sys_fgetfreespace.m */ = {isa = PBXFileReference; fileEncoding = 4; lastKnownFileType = sourcecode.c.objc; path = sys_fgetfreespace.m; sourceTree = "<group>"; };
		994C38971A2718F100D48484 /* sys_fgetsize.m */ = {isa = PBXFileReference; fileEncoding = 4; lastKnownFileType = sourcecode.c.objc; path = sys_fgetsize.m; sourceTree = "<group>"; };
		994C38981A2718F100D48484 /* sys_fgetspace.m */ = {isa = PBXFileReference; fileEncoding = 4; lastKnownFileType = sourcecode.c.objc; path = sys_fgetspace.m; sourceTree = "<group>"; };
		994C38991A2718F100D48484 /* sys_fmkdir.m */ = {isa = PBXFileReference; fileEncoding = 4; lastKnownFileType = sourcecode.c.objc; path = sys_fmkdir.m; sourceTree = "<group>"; };
		994C389A1A2718F100D48484 /* sys_fopen.m */ = {isa = PBXFileReference; fileEncoding = 4; lastKnownFileType = sourcecode.c.objc; path = sys_fopen.m; sourceTree = "<group>"; };
		994C389B1A2718F100D48484 /* sys_fread.m */ = {isa = PBXFileReference; fileEncoding = 4; lastKnownFileType = sourcecode.c.objc; path = sys_fread.m; sourceTree = "<group>"; };
		994C389C1A2718F100D48484 /* sys_fremove.m */ = {isa = PBXFileReference; fileEncoding = 4; lastKnownFileType = sourcecode.c.objc; path = sys_fremove.m; sourceTree = "<group>"; };
		994C389D1A2718F100D48484 /* sys_frename.m */ = {isa = PBXFileReference; fileEncoding = 4; lastKnownFileType = sourcecode.c.objc; path = sys_frename.m; sourceTree = "<group>"; };
		994C389E1A2718F100D48484 /* sys_frmdir.m */ = {isa = PBXFileReference; fileEncoding = 4; lastKnownFileType = sourcecode.c.objc; path = sys_frmdir.m; sourceTree = "<group>"; };
		994C389F1A2718F100D48484 /* sys_fseek.m */ = {isa = PBXFileReference; fileEncoding = 4; lastKnownFileType = sourcecode.c.objc; path = sys_fseek.m; sourceTree = "<group>"; };
		994C38A01A2718F100D48484 /* sys_fwrite.m */ = {isa = PBXFileReference; fileEncoding = 4; lastKnownFileType = sourcecode.c.objc; path = sys_fwrite.m; sourceTree = "<group>"; };
		994C38B41A271FAE00D48484 /* sys_filedef.h */ = {isa = PBXFileReference; fileEncoding = 4; lastKnownFileType = sourcecode.c.h; path = sys_filedef.h; sourceTree = "<group>"; };
		9965E5541A2D961E00B9372B /* xdebug.c */ = {isa = PBXFileReference; fileEncoding = 4; lastKnownFileType = sourcecode.c.c; path = xdebug.c; sourceTree = "<group>"; };
		9965E5551A2D961E00B9372B /* xmemory.c */ = {isa = PBXFileReference; fileEncoding = 4; lastKnownFileType = sourcecode.c.c; path = xmemory.c; sourceTree = "<group>"; };
		9965E5561A2D961E00B9372B /* xrand.c */ = {isa = PBXFileReference; fileEncoding = 4; lastKnownFileType = sourcecode.c.c; path = xrand.c; sourceTree = "<group>"; };
		9965E55A1A2D962900B9372B /* sys_debug.h */ = {isa = PBXFileReference; fileEncoding = 4; lastKnownFileType = sourcecode.c.h; path = sys_debug.h; sourceTree = "<group>"; };
		9965E55B1A2D962900B9372B /* sys_memory.h */ = {isa = PBXFileReference; fileEncoding = 4; lastKnownFileType = sourcecode.c.h; path = sys_memory.h; sourceTree = "<group>"; };
		9965E55C1A2D962900B9372B /* sys_rand.h */ = {isa = PBXFileReference; fileEncoding = 4; lastKnownFileType = sourcecode.c.h; path = sys_rand.h; sourceTree = "<group>"; };
		9965E55E1A2D963500B9372B /* sys_debug.m */ = {isa = PBXFileReference; fileEncoding = 4; lastKnownFileType = sourcecode.c.objc; path = sys_debug.m; sourceTree = "<group>"; };
		9965E5601A2D963500B9372B /* sys_memory.m */ = {isa = PBXFileReference; fileEncoding = 4; lastKnownFileType = sourcecode.c.objc; path = sys_memory.m; sourceTree = "<group>"; };
		9965E5621A2D963500B9372B /* sys_rand.m */ = {isa = PBXFileReference; fileEncoding = 4; lastKnownFileType = sourcecode.c.objc; path = sys_rand.m; sourceTree = "<group>"; };
/* End PBXFileReference section */

/* Begin PBXFrameworksBuildPhase section */
		994C38391A26D4AE00D48484 /* Frameworks */ = {
			isa = PBXFrameworksBuildPhase;
			buildActionMask = 2147483647;
			files = (
				994C38401A26D4AE00D48484 /* Foundation.framework in Frameworks */,
			);
			runOnlyForDeploymentPostprocessing = 0;
		};
		994C38491A26D4AE00D48484 /* Frameworks */ = {
			isa = PBXFrameworksBuildPhase;
			buildActionMask = 2147483647;
			files = (
				994C384E1A26D4AE00D48484 /* XCTest.framework in Frameworks */,
				994C38511A26D4AE00D48484 /* UIKit.framework in Frameworks */,
				994C38541A26D4AE00D48484 /* libsys_api.a in Frameworks */,
				994C384F1A26D4AE00D48484 /* Foundation.framework in Frameworks */,
			);
			runOnlyForDeploymentPostprocessing = 0;
		};
/* End PBXFrameworksBuildPhase section */

/* Begin PBXGroup section */
		994C38331A26D4AD00D48484 = {
			isa = PBXGroup;
			children = (
				994C38651A26D4D100D48484 /* comm */,
				994C38671A26D4D100D48484 /* include */,
				994C38691A26D4D100D48484 /* system */,
				994C383E1A26D4AE00D48484 /* Frameworks */,
				994C383D1A26D4AE00D48484 /* Products */,
			);
			sourceTree = "<group>";
		};
		994C383D1A26D4AE00D48484 /* Products */ = {
			isa = PBXGroup;
			children = (
				994C383C1A26D4AE00D48484 /* libsys_api.a */,
				994C384C1A26D4AE00D48484 /* sys_apiTests.xctest */,
			);
			name = Products;
			sourceTree = "<group>";
		};
		994C383E1A26D4AE00D48484 /* Frameworks */ = {
			isa = PBXGroup;
			children = (
				994C383F1A26D4AE00D48484 /* Foundation.framework */,
				994C384D1A26D4AE00D48484 /* XCTest.framework */,
				994C38501A26D4AE00D48484 /* UIKit.framework */,
			);
			name = Frameworks;
			sourceTree = "<group>";
		};
		994C38651A26D4D100D48484 /* comm */ = {
			isa = PBXGroup;
			children = (
				9965E5541A2D961E00B9372B /* xdebug.c */,
				9965E5551A2D961E00B9372B /* xmemory.c */,
				9965E5561A2D961E00B9372B /* xrand.c */,
				994C38891A2718DC00D48484 /* xfile.c */,
				994C387E1A2702B100D48484 /* xtimer.c */,
				994C38661A26D4D100D48484 /* xtime.c */,
			);
			name = comm;
			path = ../../src/iOS/comm;
			sourceTree = "<group>";
		};
		994C38671A26D4D100D48484 /* include */ = {
			isa = PBXGroup;
			children = (
				9965E55A1A2D962900B9372B /* sys_debug.h */,
				9965E55B1A2D962900B9372B /* sys_memory.h */,
				9965E55C1A2D962900B9372B /* sys_rand.h */,
				994C388B1A2718E600D48484 /* sys_file.h */,
				994C38801A2702BA00D48484 /* sys_timer.h */,
				994C38681A26D4D100D48484 /* sys_time.h */,
			);
			name = include;
			path = ../../src/iOS/include;
			sourceTree = "<group>";
		};
		994C38691A26D4D100D48484 /* system */ = {
			isa = PBXGroup;
			children = (
				9965E55D1A2D963500B9372B /* debug */,
				9965E55F1A2D963500B9372B /* memory */,
				9965E5611A2D963500B9372B /* rand */,
				994C388C1A2718F100D48484 /* file */,
				994C38871A27040A00D48484 /* include */,
				994C38811A2702C500D48484 /* timer */,
				994C386A1A26D4D100D48484 /* time */,
			);
			name = system;
			path = ../../src/iOS/system;
			sourceTree = "<group>";
		};
		994C386A1A26D4D100D48484 /* time */ = {
			isa = PBXGroup;
			children = (
				994C386B1A26D4D100D48484 /* sys_time.m */,
			);
			path = time;
			sourceTree = "<group>";
		};
		994C38811A2702C500D48484 /* timer */ = {
			isa = PBXGroup;
			children = (
				994C38821A2702C500D48484 /* sys_timer.m */,
				994C38831A2702C500D48484 /* TimerEngine.h */,
				994C38841A2702C500D48484 /* TimerEngine.m */,
			);
			path = timer;
			sourceTree = "<group>";
		};
		994C38871A27040A00D48484 /* include */ = {
			isa = PBXGroup;
			children = (
				994C38B41A271FAE00D48484 /* sys_filedef.h */,
				994C38881A27040A00D48484 /* sys_timerdef.h */,
			);
			path = include;
			sourceTree = "<group>";
		};
		994C388C1A2718F100D48484 /* file */ = {
			isa = PBXGroup;
			children = (
				994C388D1A2718F100D48484 /* fpathchange.m */,
				994C388E1A2718F100D48484 /* sys_diskexist.h */,
				994C388F1A2718F100D48484 /* sys_diskexist.m */,
				994C38901A2718F100D48484 /* sys_fchsize.m */,
				994C38911A2718F100D48484 /* sys_fclose.m */,
				994C38921A2718F100D48484 /* sys_fenumend.m */,
				994C38931A2718F100D48484 /* sys_fenumnext.m */,
				994C38941A2718F100D48484 /* sys_fenumstart.m */,
				994C38951A2718F100D48484 /* sys_fexist.m */,
				994C38961A2718F100D48484 /* sys_fgetfreespace.m */,
				994C38971A2718F100D48484 /* sys_fgetsize.m */,
				994C38981A2718F100D48484 /* sys_fgetspace.m */,
				994C38991A2718F100D48484 /* sys_fmkdir.m */,
				994C389A1A2718F100D48484 /* sys_fopen.m */,
				994C389B1A2718F100D48484 /* sys_fread.m */,
				994C389C1A2718F100D48484 /* sys_fremove.m */,
				994C389D1A2718F100D48484 /* sys_frename.m */,
				994C389E1A2718F100D48484 /* sys_frmdir.m */,
				994C389F1A2718F100D48484 /* sys_fseek.m */,
				994C38A01A2718F100D48484 /* sys_fwrite.m */,
			);
			path = file;
			sourceTree = "<group>";
		};
		9965E55D1A2D963500B9372B /* debug */ = {
			isa = PBXGroup;
			children = (
				9965E55E1A2D963500B9372B /* sys_debug.m */,
			);
			path = debug;
			sourceTree = "<group>";
		};
		9965E55F1A2D963500B9372B /* memory */ = {
			isa = PBXGroup;
			children = (
				9965E5601A2D963500B9372B /* sys_memory.m */,
			);
			path = memory;
			sourceTree = "<group>";
		};
		9965E5611A2D963500B9372B /* rand */ = {
			isa = PBXGroup;
			children = (
				9965E5621A2D963500B9372B /* sys_rand.m */,
			);
			path = rand;
			sourceTree = "<group>";
		};
/* End PBXGroup section */

/* Begin PBXNativeTarget section */
		994C383B1A26D4AE00D48484 /* sys_api */ = {
			isa = PBXNativeTarget;
			buildConfigurationList = 994C385F1A26D4AE00D48484 /* Build configuration list for PBXNativeTarget "sys_api" */;
			buildPhases = (
				994C38381A26D4AE00D48484 /* Sources */,
				994C38391A26D4AE00D48484 /* Frameworks */,
				994C383A1A26D4AE00D48484 /* CopyFiles */,
			);
			buildRules = (
			);
			dependencies = (
			);
			name = sys_api;
			productName = sys_api;
			productReference = 994C383C1A26D4AE00D48484 /* libsys_api.a */;
			productType = "com.apple.product-type.library.static";
		};
		994C384B1A26D4AE00D48484 /* sys_apiTests */ = {
			isa = PBXNativeTarget;
			buildConfigurationList = 994C38621A26D4AE00D48484 /* Build configuration list for PBXNativeTarget "sys_apiTests" */;
			buildPhases = (
				994C38481A26D4AE00D48484 /* Sources */,
				994C38491A26D4AE00D48484 /* Frameworks */,
				994C384A1A26D4AE00D48484 /* Resources */,
			);
			buildRules = (
			);
			dependencies = (
				994C38531A26D4AE00D48484 /* PBXTargetDependency */,
			);
			name = sys_apiTests;
			productName = sys_apiTests;
			productReference = 994C384C1A26D4AE00D48484 /* sys_apiTests.xctest */;
			productType = "com.apple.product-type.bundle.unit-test";
		};
/* End PBXNativeTarget section */

/* Begin PBXProject section */
		994C38341A26D4AD00D48484 /* Project object */ = {
			isa = PBXProject;
			attributes = {
				LastUpgradeCheck = 0510;
				ORGANIZATIONNAME = "蔡元伟";
			};
			buildConfigurationList = 994C38371A26D4AD00D48484 /* Build configuration list for PBXProject "sys_api" */;
			compatibilityVersion = "Xcode 3.2";
			developmentRegion = English;
			hasScannedForEncodings = 0;
			knownRegions = (
				en,
			);
			mainGroup = 994C38331A26D4AD00D48484;
			productRefGroup = 994C383D1A26D4AE00D48484 /* Products */;
			projectDirPath = "";
			projectRoot = "";
			targets = (
				994C383B1A26D4AE00D48484 /* sys_api */,
				994C384B1A26D4AE00D48484 /* sys_apiTests */,
			);
		};
/* End PBXProject section */

/* Begin PBXResourcesBuildPhase section */
		994C384A1A26D4AE00D48484 /* Resources */ = {
			isa = PBXResourcesBuildPhase;
			buildActionMask = 2147483647;
			files = (
			);
			runOnlyForDeploymentPostprocessing = 0;
		};
/* End PBXResourcesBuildPhase section */

/* Begin PBXSourcesBuildPhase section */
		994C38381A26D4AE00D48484 /* Sources */ = {
			isa = PBXSourcesBuildPhase;
			buildActionMask = 2147483647;
			files = (
				994C38B21A2718F100D48484 /* sys_fseek.m in Sources */,
				994C38AE1A2718F100D48484 /* sys_fread.m in Sources */,
				994C38AC1A2718F100D48484 /* sys_fmkdir.m in Sources */,
				994C38B01A2718F100D48484 /* sys_frename.m in Sources */,
				9965E5571A2D961E00B9372B /* xdebug.c in Sources */,
				994C38A61A2718F100D48484 /* sys_fenumnext.m in Sources */,
				994C38AD1A2718F100D48484 /* sys_fopen.m in Sources */,
				994C388A1A2718DC00D48484 /* xfile.c in Sources */,
				994C386D1A26D4D100D48484 /* sys_time.m in Sources */,
				994C38851A2702C500D48484 /* sys_timer.m in Sources */,
				994C387F1A2702B100D48484 /* xtimer.c in Sources */,
				994C38AF1A2718F100D48484 /* sys_fremove.m in Sources */,
				994C38861A2702C500D48484 /* TimerEngine.m in Sources */,
				994C38B31A2718F100D48484 /* sys_fwrite.m in Sources */,
				994C38AA1A2718F100D48484 /* sys_fgetsize.m in Sources */,
				994C38A91A2718F100D48484 /* sys_fgetfreespace.m in Sources */,
				994C38A81A2718F100D48484 /* sys_fexist.m in Sources */,
				9965E5591A2D961E00B9372B /* xrand.c in Sources */,
				994C38A71A2718F100D48484 /* sys_fenumstart.m in Sources */,
				994C38A11A2718F100D48484 /* fpathchange.m in Sources */,
				9965E5641A2D963500B9372B /* sys_memory.m in Sources */,
				994C38A31A2718F100D48484 /* sys_fchsize.m in Sources */,
				9965E5581A2D961E00B9372B /* xmemory.c in Sources */,
				9965E5631A2D963500B9372B /* sys_debug.m in Sources */,
				994C38A21A2718F100D48484 /* sys_diskexist.m in Sources */,
				994C38AB1A2718F100D48484 /* sys_fgetspace.m in Sources */,
				994C38A51A2718F100D48484 /* sys_fenumend.m in Sources */,
				994C38B11A2718F100D48484 /* sys_frmdir.m in Sources */,
				994C386C1A26D4D100D48484 /* xtime.c in Sources */,
				9965E5651A2D963500B9372B /* sys_rand.m in Sources */,
				994C38A41A2718F100D48484 /* sys_fclose.m in Sources */,
			);
			runOnlyForDeploymentPostprocessing = 0;
		};
		994C38481A26D4AE00D48484 /* Sources */ = {
			isa = PBXSourcesBuildPhase;
			buildActionMask = 2147483647;
			files = (
			);
			runOnlyForDeploymentPostprocessing = 0;
		};
/* End PBXSourcesBuildPhase section */

/* Begin PBXTargetDependency section */
		994C38531A26D4AE00D48484 /* PBXTargetDependency */ = {
			isa = PBXTargetDependency;
			target = 994C383B1A26D4AE00D48484 /* sys_api */;
			targetProxy = 994C38521A26D4AE00D48484 /* PBXContainerItemProxy */;
		};
/* End PBXTargetDependency section */

/* Begin XCBuildConfiguration section */
		994C385D1A26D4AE00D48484 /* Debug */ = {
			isa = XCBuildConfiguration;
			buildSettings = {
				ALWAYS_SEARCH_USER_PATHS = NO;
				CLANG_CXX_LANGUAGE_STANDARD = "gnu++0x";
				CLANG_CXX_LIBRARY = "libc++";
				CLANG_ENABLE_MODULES = YES;
				CLANG_ENABLE_OBJC_ARC = YES;
				CLANG_WARN_BOOL_CONVERSION = YES;
				CLANG_WARN_CONSTANT_CONVERSION = YES;
				CLANG_WARN_DIRECT_OBJC_ISA_USAGE = YES_ERROR;
				CLANG_WARN_EMPTY_BODY = YES;
				CLANG_WARN_ENUM_CONVERSION = YES;
				CLANG_WARN_INT_CONVERSION = YES;
				CLANG_WARN_OBJC_ROOT_CLASS = YES_ERROR;
				CLANG_WARN__DUPLICATE_METHOD_MATCH = YES;
				COPY_PHASE_STRIP = NO;
				GCC_C_LANGUAGE_STANDARD = gnu99;
				GCC_DYNAMIC_NO_PIC = NO;
				GCC_OPTIMIZATION_LEVEL = 0;
				GCC_PREPROCESSOR_DEFINITIONS = (
					"DEBUG=1",
					"$(inherited)",
				);
				GCC_SYMBOLS_PRIVATE_EXTERN = NO;
				GCC_WARN_64_TO_32_BIT_CONVERSION = YES;
				GCC_WARN_ABOUT_RETURN_TYPE = YES_ERROR;
				GCC_WARN_UNDECLARED_SELECTOR = YES;
				GCC_WARN_UNINITIALIZED_AUTOS = YES_AGGRESSIVE;
				GCC_WARN_UNUSED_FUNCTION = YES;
				GCC_WARN_UNUSED_VARIABLE = YES;
				IPHONEOS_DEPLOYMENT_TARGET = 7.1;
				ONLY_ACTIVE_ARCH = YES;
				SDKROOT = iphoneos;
			};
			name = Debug;
		};
		994C385E1A26D4AE00D48484 /* Release */ = {
			isa = XCBuildConfiguration;
			buildSettings = {
				ALWAYS_SEARCH_USER_PATHS = NO;
				CLANG_CXX_LANGUAGE_STANDARD = "gnu++0x";
				CLANG_CXX_LIBRARY = "libc++";
				CLANG_ENABLE_MODULES = YES;
				CLANG_ENABLE_OBJC_ARC = YES;
				CLANG_WARN_BOOL_CONVERSION = YES;
				CLANG_WARN_CONSTANT_CONVERSION = YES;
				CLANG_WARN_DIRECT_OBJC_ISA_USAGE = YES_ERROR;
				CLANG_WARN_EMPTY_BODY = YES;
				CLANG_WARN_ENUM_CONVERSION = YES;
				CLANG_WARN_INT_CONVERSION = YES;
				CLANG_WARN_OBJC_ROOT_CLASS = YES_ERROR;
				CLANG_WARN__DUPLICATE_METHOD_MATCH = YES;
				COPY_PHASE_STRIP = YES;
				ENABLE_NS_ASSERTIONS = NO;
				GCC_C_LANGUAGE_STANDARD = gnu99;
				GCC_WARN_64_TO_32_BIT_CONVERSION = YES;
				GCC_WARN_ABOUT_RETURN_TYPE = YES_ERROR;
				GCC_WARN_UNDECLARED_SELECTOR = YES;
				GCC_WARN_UNINITIALIZED_AUTOS = YES_AGGRESSIVE;
				GCC_WARN_UNUSED_FUNCTION = YES;
				GCC_WARN_UNUSED_VARIABLE = YES;
				IPHONEOS_DEPLOYMENT_TARGET = 7.1;
				SDKROOT = iphoneos;
				VALIDATE_PRODUCT = YES;
			};
			name = Release;
		};
		994C38601A26D4AE00D48484 /* Debug */ = {
			isa = XCBuildConfiguration;
			buildSettings = {
				CLANG_ENABLE_OBJC_ARC = NO;
				DSTROOT = /tmp/sys_api.dst;
				GCC_PRECOMPILE_PREFIX_HEADER = YES;
				GCC_PREFIX_HEADER = "sys_api/sys_api-Prefix.pch";
				OTHER_LDFLAGS = "-ObjC";
				PRODUCT_NAME = "$(TARGET_NAME)";
				SKIP_INSTALL = YES;
			};
			name = Debug;
		};
		994C38611A26D4AE00D48484 /* Release */ = {
			isa = XCBuildConfiguration;
			buildSettings = {
				CLANG_ENABLE_OBJC_ARC = NO;
				DSTROOT = /tmp/sys_api.dst;
				GCC_PRECOMPILE_PREFIX_HEADER = YES;
				GCC_PREFIX_HEADER = "sys_api/sys_api-Prefix.pch";
				OTHER_LDFLAGS = "-ObjC";
				PRODUCT_NAME = "$(TARGET_NAME)";
				SKIP_INSTALL = YES;
			};
			name = Release;
		};
		994C38631A26D4AE00D48484 /* Debug */ = {
			isa = XCBuildConfiguration;
			buildSettings = {
				FRAMEWORK_SEARCH_PATHS = (
					"$(SDKROOT)/Developer/Library/Frameworks",
					"$(inherited)",
					"$(DEVELOPER_FRAMEWORKS_DIR)",
				);
				GCC_PRECOMPILE_PREFIX_HEADER = YES;
				GCC_PREFIX_HEADER = "sys_api/sys_api-Prefix.pch";
				GCC_PREPROCESSOR_DEFINITIONS = (
					"DEBUG=1",
					"$(inherited)",
				);
				INFOPLIST_FILE = "sys_apiTests/sys_apiTests-Info.plist";
				PRODUCT_NAME = "$(TARGET_NAME)";
				WRAPPER_EXTENSION = xctest;
			};
			name = Debug;
		};
		994C38641A26D4AE00D48484 /* Release */ = {
			isa = XCBuildConfiguration;
			buildSettings = {
				FRAMEWORK_SEARCH_PATHS = (
					"$(SDKROOT)/Developer/Library/Frameworks",
					"$(inherited)",
					"$(DEVELOPER_FRAMEWORKS_DIR)",
				);
				GCC_PRECOMPILE_PREFIX_HEADER = YES;
				GCC_PREFIX_HEADER = "sys_api/sys_api-Prefix.pch";
				INFOPLIST_FILE = "sys_apiTests/sys_apiTests-Info.plist";
				PRODUCT_NAME = "$(TARGET_NAME)";
				WRAPPER_EXTENSION = xctest;
			};
			name = Release;
		};
/* End XCBuildConfiguration section */

/* Begin XCConfigurationList section */
		994C38371A26D4AD00D48484 /* Build configuration list for PBXProject "sys_api" */ = {
			isa = XCConfigurationList;
			buildConfigurations = (
				994C385D1A26D4AE00D48484 /* Debug */,
				994C385E1A26D4AE00D48484 /* Release */,
			);
			defaultConfigurationIsVisible = 0;
			defaultConfigurationName = Release;
		};
		994C385F1A26D4AE00D48484 /* Build configuration list for PBXNativeTarget "sys_api" */ = {
			isa = XCConfigurationList;
			buildConfigurations = (
				994C38601A26D4AE00D48484 /* Debug */,
				994C38611A26D4AE00D48484 /* Release */,
			);
			defaultConfigurationIsVisible = 0;
			defaultConfigurationName = Release;
		};
		994C38621A26D4AE00D48484 /* Build configuration list for PBXNativeTarget "sys_apiTests" */ = {
			isa = XCConfigurationList;
			buildConfigurations = (
				994C38631A26D4AE00D48484 /* Debug */,
				994C38641A26D4AE00D48484 /* Release */,
			);
			defaultConfigurationIsVisible = 0;
			defaultConfigurationName = Release;
		};
/* End XCConfigurationList section */
	};
	rootObject = 994C38341A26D4AD00D48484 /* Project object */;
}
